
Microsoft Visual Studio Solution File, Format Version 12.00
# Visual Studio Version 17
VisualStudioVersion = 17.13.35931.197 d17.13
MinimumVisualStudioVersion = 10.0.40219.1
Project("{FAE04EC0-301F-11D3-BF4B-00C04F79EFBC}") = "Exam2", "Exam2.csproj", "{1AE6AC0F-B7AB-407C-9F44-F6DF00A0D4CB}"
EndProject
Global
	GlobalSection(SolutionConfigurationPlatforms) = preSolution
		Debug|Any CPU = Debug|Any CPU
		Release|Any CPU = Release|Any CPU
	EndGlobalSection
	GlobalSection(ProjectConfigurationPlatforms) = postSolution
		{1AE6AC0F-B7AB-407C-9F44-F6DF00A0D4CB}.Debug|Any CPU.ActiveCfg = Debug|Any CPU
		{1AE6AC0F-B7AB-407C-9F44-F6DF00A0D4CB}.Debug|Any CPU.Build.0 = Debug|Any CPU
		{1AE6AC0F-B7AB-407C-9F44-F6DF00A0D4CB}.Release|Any CPU.ActiveCfg = Release|Any CPU
		{1AE6AC0F-B7AB-407C-9F44-F6DF00A0D4CB}.Release|Any CPU.Build.0 = Release|Any CPU
	EndGlobalSection
	GlobalSection(SolutionProperties) = preSolution
		HideSolutionNode = FALSE
	EndGlobalSection
	GlobalSection(ExtensibilityGlobals) = postSolution
		SolutionGuid = {38FE9A2C-582C-44AC-A398-0D426B867A1E}
	EndGlobalSection
EndGlobal
